
Microsoft Visual Studio Solution File, Format Version 12.00
# Visual Studio Version 17
VisualStudioVersion = 17.5.33414.496
MinimumVisualStudioVersion = 10.0.40219.1
Project("{FAE04EC0-301F-11D3-BF4B-00C04F79EFBC}") = "WorkoutTimeAPI", "WorkoutTimeAPI\WorkoutTimeAPI.csproj", "{D3BB1A46-A3B4-444A-A147-A2775F7D4E51}"
EndProject
Global
	GlobalSection(SolutionConfigurationPlatforms) = preSolution
		Debug|Any CPU = Debug|Any CPU
		Release|Any CPU = Release|Any CPU
	EndGlobalSection
	GlobalSection(ProjectConfigurationPlatforms) = postSolution
		{D3BB1A46-A3B4-444A-A147-A2775F7D4E51}.Debug|Any CPU.ActiveCfg = Debug|Any CPU
		{D3BB1A46-A3B4-444A-A147-A2775F7D4E51}.Debug|Any CPU.Build.0 = Debug|Any CPU
		{D3BB1A46-A3B4-444A-A147-A2775F7D4E51}.Release|Any CPU.ActiveCfg = Release|Any CPU
		{D3BB1A46-A3B4-444A-A147-A2775F7D4E51}.Release|Any CPU.Build.0 = Release|Any CPU
	EndGlobalSection
	GlobalSection(SolutionProperties) = preSolution
		HideSolutionNode = FALSE
	EndGlobalSection
	GlobalSection(ExtensibilityGlobals) = postSolution
		SolutionGuid = {5FDF4C34-5463-4EE2-B075-06A29C779FE0}
	EndGlobalSection
EndGlobal
